{
  "version": 4,
  "terraform_version": "1.9.8",
  "serial": 23,
  "lineage": "aa3c03ff-4a4c-5283-fb43-67bd91169b62",
  "outputs": {
    "bastion_instance_id": {
      "value": "i-0ff382663dcacb45d",
      "type": "string"
    },
    "connect_command": {
      "value": "aws ssm start-session --target i-0ff382663dcacb45d --region us-east-1",
      "type": "string"
    },
    "instructions": {
      "value": "    \n╔══════════════════════════════════════════════════════════════════╗\n║  🎉 Bastion Host создан с VPC Endpoints для SSM                  ║\n╚══════════════════════════════════════════════════════════════════╝\n    \n📋 Следующие шаги:\n    \n1️⃣  Установить Session Manager Plugin (если еще не установлен):\n   brew install session-manager-plugin\n    \n2️⃣  Подождать 2-3 минуты для инициализации SSM Agent\n    \n3️⃣  Проверить статус SSM Agent:\n   aws ssm describe-instance-information \\\n     --filters \"Key=InstanceIds,Values=i-0ff382663dcacb45d\" \\\n     --region us-east-1\n    \n4️⃣  Подключиться к bastion через SSM:\n   aws ssm start-session \\\n     --target i-0ff382663dcacb45d \\\n     --region us-east-1\n    \n5️⃣  Или настроить port forwarding для TablePlus:\n   aws ssm start-session \\\n     --target i-0ff382663dcacb45d \\\n     --document-name AWS-StartPortForwardingSessionToRemoteHost \\\n     --parameters '{\"host\":[\"tyriantrade-db.c01iqwikc9ht.us-east-1.rds.amazonaws.com\"],\"portNumber\":[\"5432\"],\"localPortNumber\":[\"5433\"]}' \\\n     --region us-east-1\n       \n   Затем в TablePlus подключиться к localhost:5433\n    \n💰 Стоимость VPC Endpoints: ~$7-10/месяц за 3 endpoints\n    \n",
      "type": "string"
    },
    "port_forward_command": {
      "value": "aws ssm start-session --target i-0ff382663dcacb45d --document-name AWS-StartPortForwardingSessionToRemoteHost --parameters '{\"host\":[\"tyriantrade-db.c01iqwikc9ht.us-east-1.rds.amazonaws.com\"],\"portNumber\":[\"5432\"],\"localPortNumber\":[\"5433\"]}' --region us-east-1",
      "type": "string"
    },
    "vpc_endpoints_created": {
      "value": {
        "ec2messages": "vpce-05155bb2b4e9d4642",
        "ssm": "vpce-01e983020f6de1943",
        "ssmmessages": "vpce-017866714f5e33794"
      },
      "type": [
        "object",
        {
          "ec2messages": "string",
          "ssm": "string",
          "ssmmessages": "string"
        }
      ]
    }
  },
  "resources": [
    {
      "mode": "data",
      "type": "aws_security_group",
      "name": "rds",
      "provider": "provider[\"registry.terraform.io/hashicorp/aws\"]",
      "instances": [
        {
          "schema_version": 0,
          "attributes": {
            "arn": "arn:aws:ec2:us-east-1:506675684508:security-group/sg-0c2b94f40cedb4d61",
            "description": "Security group for RDS",
            "filter": null,
            "id": "sg-0c2b94f40cedb4d61",
            "name": "tyriantrade-rds-sg",
            "tags": {
              "Environment": "starter",
              "ManagedBy": "Terraform",
              "Name": "tyriantrade-rds-sg",
              "Project": "tyriantrade"
            },
            "timeouts": null,
            "vpc_id": "vpc-00ce71b940a79b54a"
          },
          "sensitive_attributes": []
        }
      ]
    },
    {
      "mode": "data",
      "type": "aws_ssm_parameter",
      "name": "amazon_linux_2023",
      "provider": "provider[\"registry.terraform.io/hashicorp/aws\"]",
      "instances": [
        {
          "schema_version": 0,
          "attributes": {
            "arn": "arn:aws:ssm:us-east-1::parameter/aws/service/ami-amazon-linux-latest/al2023-ami-kernel-default-x86_64",
            "id": "/aws/service/ami-amazon-linux-latest/al2023-ami-kernel-default-x86_64",
            "insecure_value": "ami-0157af9aea2eef346",
            "name": "/aws/service/ami-amazon-linux-latest/al2023-ami-kernel-default-x86_64",
            "type": "String",
            "value": "ami-0157af9aea2eef346",
            "version": 138,
            "with_decryption": true
          },
          "sensitive_attributes": [
            [
              {
                "type": "get_attr",
                "value": "value"
              }
            ]
          ]
        }
      ]
    },
    {
      "mode": "data",
      "type": "aws_subnet",
      "name": "private",
      "provider": "provider[\"registry.terraform.io/hashicorp/aws\"]",
      "instances": [
        {
          "schema_version": 0,
          "attributes": {
            "arn": "arn:aws:ec2:us-east-1:506675684508:subnet/subnet-0929ee7b91593a2ea",
            "assign_ipv6_address_on_creation": false,
            "availability_zone": "us-east-1b",
            "availability_zone_id": "use1-az2",
            "available_ip_address_count": 249,
            "cidr_block": "10.0.12.0/24",
            "customer_owned_ipv4_pool": "",
            "default_for_az": false,
            "enable_dns64": false,
            "enable_lni_at_device_index": 0,
            "enable_resource_name_dns_a_record_on_launch": false,
            "enable_resource_name_dns_aaaa_record_on_launch": false,
            "filter": null,
            "id": "subnet-0929ee7b91593a2ea",
            "ipv6_cidr_block": "",
            "ipv6_cidr_block_association_id": "",
            "ipv6_native": false,
            "map_customer_owned_ip_on_launch": false,
            "map_public_ip_on_launch": false,
            "outpost_arn": "",
            "owner_id": "506675684508",
            "private_dns_hostname_type_on_launch": "ip-name",
            "state": "available",
            "tags": {
              "Environment": "starter",
              "ManagedBy": "Terraform",
              "Name": "tyriantrade-private-2",
              "Project": "tyriantrade"
            },
            "timeouts": null,
            "vpc_id": "vpc-00ce71b940a79b54a"
          },
          "sensitive_attributes": []
        }
      ]
    },
    {
      "mode": "data",
      "type": "aws_vpc",
      "name": "main",
      "provider": "provider[\"registry.terraform.io/hashicorp/aws\"]",
      "instances": [
        {
          "schema_version": 0,
          "attributes": {
            "arn": "arn:aws:ec2:us-east-1:506675684508:vpc/vpc-00ce71b940a79b54a",
            "cidr_block": "10.0.0.0/16",
            "cidr_block_associations": [
              {
                "association_id": "vpc-cidr-assoc-04594c62a8192f35f",
                "cidr_block": "10.0.0.0/16",
                "state": "associated"
              }
            ],
            "default": false,
            "dhcp_options_id": "dopt-010feb40f342548ae",
            "enable_dns_hostnames": true,
            "enable_dns_support": true,
            "enable_network_address_usage_metrics": false,
            "filter": null,
            "id": "vpc-00ce71b940a79b54a",
            "instance_tenancy": "default",
            "ipv6_association_id": "",
            "ipv6_cidr_block": "",
            "main_route_table_id": "rtb-05c1e20b682931a22",
            "owner_id": "506675684508",
            "state": null,
            "tags": {
              "Environment": "starter",
              "ManagedBy": "Terraform",
              "Name": "tyriantrade-vpc",
              "Project": "tyriantrade"
            },
            "timeouts": null
          },
          "sensitive_attributes": []
        }
      ]
    },
    {
      "mode": "managed",
      "type": "aws_cloudwatch_log_group",
      "name": "session_manager",
      "provider": "provider[\"registry.terraform.io/hashicorp/aws\"]",
      "instances": [
        {
          "schema_version": 0,
          "attributes": {
            "arn": "arn:aws:logs:us-east-1:506675684508:log-group:/aws/ssm/session-manager/tyriantrade-bastion",
            "id": "/aws/ssm/session-manager/tyriantrade-bastion",
            "kms_key_id": "",
            "log_group_class": "STANDARD",
            "name": "/aws/ssm/session-manager/tyriantrade-bastion",
            "name_prefix": "",
            "retention_in_days": 7,
            "skip_destroy": false,
            "tags": {
              "Name": "tyriantrade-bastion-sessions"
            },
            "tags_all": {
              "Name": "tyriantrade-bastion-sessions"
            }
          },
          "sensitive_attributes": [],
          "private": "bnVsbA=="
        }
      ]
    },
    {
      "mode": "managed",
      "type": "aws_iam_instance_profile",
      "name": "bastion",
      "provider": "provider[\"registry.terraform.io/hashicorp/aws\"]",
      "instances": [
        {
          "schema_version": 0,
          "attributes": {
            "arn": "arn:aws:iam::506675684508:instance-profile/tyriantrade-bastion-profile",
            "create_date": "2025-11-06T11:27:47Z",
            "id": "tyriantrade-bastion-profile",
            "name": "tyriantrade-bastion-profile",
            "name_prefix": "",
            "path": "/",
            "role": "tyriantrade-bastion-role",
            "tags": {},
            "tags_all": {},
            "unique_id": "AIPAXL6BZMSOKAQUQNNPZ"
          },
          "sensitive_attributes": [],
          "private": "bnVsbA==",
          "dependencies": [
            "aws_iam_role.bastion"
          ]
        }
      ]
    },
    {
      "mode": "managed",
      "type": "aws_iam_policy",
      "name": "rds_connect",
      "provider": "provider[\"registry.terraform.io/hashicorp/aws\"]",
      "instances": [
        {
          "schema_version": 0,
          "attributes": {
            "arn": "arn:aws:iam::506675684508:policy/RDSIAMAuthPolicy-bastion",
            "attachment_count": 1,
            "description": "Allows bastion to generate RDS IAM tokens",
            "id": "arn:aws:iam::506675684508:policy/RDSIAMAuthPolicy-bastion",
            "name": "RDSIAMAuthPolicy-bastion",
            "name_prefix": "",
            "path": "/",
            "policy": "{\"Statement\":[{\"Action\":\"rds-db:connect\",\"Effect\":\"Allow\",\"Resource\":\"arn:aws:rds-db:us-east-1:506675684508:dbuser:db-4JXFCQG3SJ3ENB3M3S3BA2SLUA/db_agent\"}],\"Version\":\"2012-10-17\"}",
            "policy_id": "ANPAXL6BZMSOJEVFSGQSA",
            "tags": {},
            "tags_all": {}
          },
          "sensitive_attributes": [],
          "private": "bnVsbA=="
        }
      ]
    },
    {
      "mode": "managed",
      "type": "aws_iam_role",
      "name": "bastion",
      "provider": "provider[\"registry.terraform.io/hashicorp/aws\"]",
      "instances": [
        {
          "schema_version": 0,
          "attributes": {
            "arn": "arn:aws:iam::506675684508:role/tyriantrade-bastion-role",
            "assume_role_policy": "{\"Statement\":[{\"Action\":\"sts:AssumeRole\",\"Effect\":\"Allow\",\"Principal\":{\"Service\":\"ec2.amazonaws.com\"}}],\"Version\":\"2012-10-17\"}",
            "create_date": "2025-11-06T11:27:45Z",
            "description": "",
            "force_detach_policies": false,
            "id": "tyriantrade-bastion-role",
            "inline_policy": [],
            "managed_policy_arns": [
              "arn:aws:iam::506675684508:policy/RDSIAMAuthPolicy-bastion",
              "arn:aws:iam::aws:policy/AmazonSSMManagedInstanceCore"
            ],
            "max_session_duration": 3600,
            "name": "tyriantrade-bastion-role",
            "name_prefix": "",
            "path": "/",
            "permissions_boundary": "",
            "tags": {
              "Name": "tyriantrade-bastion-role"
            },
            "tags_all": {
              "Name": "tyriantrade-bastion-role"
            },
            "unique_id": "AROAXL6BZMSOGJMOLQGCO"
          },
          "sensitive_attributes": [],
          "private": "bnVsbA=="
        }
      ]
    },
    {
      "mode": "managed",
      "type": "aws_iam_role_policy_attachment",
      "name": "bastion_rds",
      "provider": "provider[\"registry.terraform.io/hashicorp/aws\"]",
      "instances": [
        {
          "schema_version": 0,
          "attributes": {
            "id": "tyriantrade-bastion-role-20251106112750848500000002",
            "policy_arn": "arn:aws:iam::506675684508:policy/RDSIAMAuthPolicy-bastion",
            "role": "tyriantrade-bastion-role"
          },
          "sensitive_attributes": [],
          "private": "bnVsbA==",
          "dependencies": [
            "aws_iam_policy.rds_connect",
            "aws_iam_role.bastion"
          ]
        }
      ]
    },
    {
      "mode": "managed",
      "type": "aws_iam_role_policy_attachment",
      "name": "bastion_ssm",
      "provider": "provider[\"registry.terraform.io/hashicorp/aws\"]",
      "instances": [
        {
          "schema_version": 0,
          "attributes": {
            "id": "tyriantrade-bastion-role-20251106112745841800000001",
            "policy_arn": "arn:aws:iam::aws:policy/AmazonSSMManagedInstanceCore",
            "role": "tyriantrade-bastion-role"
          },
          "sensitive_attributes": [],
          "private": "bnVsbA==",
          "dependencies": [
            "aws_iam_role.bastion"
          ]
        }
      ]
    },
    {
      "mode": "managed",
      "type": "aws_instance",
      "name": "bastion",
      "provider": "provider[\"registry.terraform.io/hashicorp/aws\"]",
      "instances": [
        {
          "schema_version": 1,
          "attributes": {
            "ami": "ami-0157af9aea2eef346",
            "arn": "arn:aws:ec2:us-east-1:506675684508:instance/i-0ff382663dcacb45d",
            "associate_public_ip_address": false,
            "availability_zone": "us-east-1b",
            "capacity_reservation_specification": [
              {
                "capacity_reservation_preference": "open",
                "capacity_reservation_target": []
              }
            ],
            "cpu_core_count": 1,
            "cpu_options": [
              {
                "amd_sev_snp": "",
                "core_count": 1,
                "threads_per_core": 2
              }
            ],
            "cpu_threads_per_core": 2,
            "credit_specification": [
              {
                "cpu_credits": "unlimited"
              }
            ],
            "disable_api_stop": false,
            "disable_api_termination": false,
            "ebs_block_device": [],
            "ebs_optimized": false,
            "enable_primary_ipv6": null,
            "enclave_options": [
              {
                "enabled": false
              }
            ],
            "ephemeral_block_device": [],
            "get_password_data": false,
            "hibernation": false,
            "host_id": "",
            "host_resource_group_arn": null,
            "iam_instance_profile": "tyriantrade-bastion-profile",
            "id": "i-0ff382663dcacb45d",
            "instance_initiated_shutdown_behavior": "stop",
            "instance_lifecycle": "",
            "instance_market_options": [],
            "instance_state": "running",
            "instance_type": "t3.micro",
            "ipv6_address_count": 0,
            "ipv6_addresses": [],
            "key_name": "",
            "launch_template": [],
            "maintenance_options": [
              {
                "auto_recovery": "default"
              }
            ],
            "metadata_options": [
              {
                "http_endpoint": "enabled",
                "http_protocol_ipv6": "disabled",
                "http_put_response_hop_limit": 1,
                "http_tokens": "required",
                "instance_metadata_tags": "disabled"
              }
            ],
            "monitoring": false,
            "network_interface": [],
            "outpost_arn": "",
            "password_data": "",
            "placement_group": "",
            "placement_partition_number": 0,
            "primary_network_interface_id": "eni-0efc4e9936d8a761e",
            "private_dns": "ip-10-0-12-14.ec2.internal",
            "private_dns_name_options": [
              {
                "enable_resource_name_dns_a_record": false,
                "enable_resource_name_dns_aaaa_record": false,
                "hostname_type": "ip-name"
              }
            ],
            "private_ip": "10.0.12.14",
            "public_dns": "",
            "public_ip": "",
            "root_block_device": [
              {
                "delete_on_termination": true,
                "device_name": "/dev/xvda",
                "encrypted": false,
                "iops": 3000,
                "kms_key_id": "",
                "tags": {},
                "tags_all": {},
                "throughput": 125,
                "volume_id": "vol-0bb53110fb0693ab1",
                "volume_size": 8,
                "volume_type": "gp3"
              }
            ],
            "secondary_private_ips": [],
            "security_groups": [],
            "source_dest_check": true,
            "spot_instance_request_id": "",
            "subnet_id": "subnet-0929ee7b91593a2ea",
            "tags": {
              "Name": "tyriantrade-bastion"
            },
            "tags_all": {
              "Name": "tyriantrade-bastion"
            },
            "tenancy": "default",
            "timeouts": null,
            "user_data": "af0ddef03be7ac62613d1155309ba4c6e9fad576",
            "user_data_base64": null,
            "user_data_replace_on_change": false,
            "volume_tags": null,
            "vpc_security_group_ids": [
              "sg-0e73f2fb21184c7e7"
            ]
          },
          "sensitive_attributes": [
            [
              {
                "type": "get_attr",
                "value": "ami"
              }
            ]
          ],
          "private": "eyJlMmJmYjczMC1lY2FhLTExZTYtOGY4OC0zNDM2M2JjN2M0YzAiOnsiY3JlYXRlIjo2MDAwMDAwMDAwMDAsImRlbGV0ZSI6MTIwMDAwMDAwMDAwMCwicmVhZCI6OTAwMDAwMDAwMDAwLCJ1cGRhdGUiOjYwMDAwMDAwMDAwMH0sInNjaGVtYV92ZXJzaW9uIjoiMSJ9",
          "dependencies": [
            "aws_iam_instance_profile.bastion",
            "aws_iam_role.bastion",
            "aws_security_group.bastion",
            "aws_security_group.vpc_endpoints",
            "aws_vpc_endpoint.ec2messages",
            "aws_vpc_endpoint.ssm",
            "aws_vpc_endpoint.ssmmessages",
            "data.aws_security_group.rds",
            "data.aws_ssm_parameter.amazon_linux_2023",
            "data.aws_subnet.private",
            "data.aws_vpc.main"
          ]
        }
      ]
    },
    {
      "mode": "managed",
      "type": "aws_security_group",
      "name": "bastion",
      "provider": "provider[\"registry.terraform.io/hashicorp/aws\"]",
      "instances": [
        {
          "schema_version": 1,
          "attributes": {
            "arn": "arn:aws:ec2:us-east-1:506675684508:security-group/sg-0e73f2fb21184c7e7",
            "description": "Security group for SSM bastion",
            "egress": [
              {
                "cidr_blocks": [],
                "description": "PostgreSQL to RDS",
                "from_port": 5432,
                "ipv6_cidr_blocks": [],
                "prefix_list_ids": [],
                "protocol": "tcp",
                "security_groups": [
                  "sg-0c2b94f40cedb4d61"
                ],
                "self": false,
                "to_port": 5432
              }
            ],
            "id": "sg-0e73f2fb21184c7e7",
            "ingress": [],
            "name": "tyriantrade-bastion-sg",
            "name_prefix": "",
            "owner_id": "506675684508",
            "revoke_rules_on_delete": false,
            "tags": {
              "Name": "tyriantrade-bastion-sg"
            },
            "tags_all": {
              "Name": "tyriantrade-bastion-sg"
            },
            "timeouts": null,
            "vpc_id": "vpc-00ce71b940a79b54a"
          },
          "sensitive_attributes": [],
          "private": "eyJlMmJmYjczMC1lY2FhLTExZTYtOGY4OC0zNDM2M2JjN2M0YzAiOnsiY3JlYXRlIjo2MDAwMDAwMDAwMDAsImRlbGV0ZSI6OTAwMDAwMDAwMDAwfSwic2NoZW1hX3ZlcnNpb24iOiIxIn0=",
          "dependencies": [
            "data.aws_security_group.rds",
            "data.aws_vpc.main"
          ]
        }
      ]
    },
    {
      "mode": "managed",
      "type": "aws_security_group",
      "name": "vpc_endpoints",
      "provider": "provider[\"registry.terraform.io/hashicorp/aws\"]",
      "instances": [
        {
          "schema_version": 1,
          "attributes": {
            "arn": "arn:aws:ec2:us-east-1:506675684508:security-group/sg-0bbe241ec44e4f249",
            "description": "Security group for VPC endpoints (SSM, EC2Messages, SSMMessages)",
            "egress": [
              {
                "cidr_blocks": [
                  "0.0.0.0/0"
                ],
                "description": "Allow all outbound",
                "from_port": 0,
                "ipv6_cidr_blocks": [],
                "prefix_list_ids": [],
                "protocol": "-1",
                "security_groups": [],
                "self": false,
                "to_port": 0
              }
            ],
            "id": "sg-0bbe241ec44e4f249",
            "ingress": [],
            "name": "tyriantrade-vpc-endpoints-sg",
            "name_prefix": "",
            "owner_id": "506675684508",
            "revoke_rules_on_delete": false,
            "tags": {
              "Name": "tyriantrade-vpc-endpoints-sg"
            },
            "tags_all": {
              "Name": "tyriantrade-vpc-endpoints-sg"
            },
            "timeouts": null,
            "vpc_id": "vpc-00ce71b940a79b54a"
          },
          "sensitive_attributes": [],
          "private": "eyJlMmJmYjczMC1lY2FhLTExZTYtOGY4OC0zNDM2M2JjN2M0YzAiOnsiY3JlYXRlIjo2MDAwMDAwMDAwMDAsImRlbGV0ZSI6OTAwMDAwMDAwMDAwfSwic2NoZW1hX3ZlcnNpb24iOiIxIn0=",
          "dependencies": [
            "data.aws_vpc.main"
          ]
        }
      ]
    },
    {
      "mode": "managed",
      "type": "aws_security_group_rule",
      "name": "bastion_to_vpc_endpoints",
      "provider": "provider[\"registry.terraform.io/hashicorp/aws\"]",
      "instances": [
        {
          "schema_version": 2,
          "attributes": {
            "cidr_blocks": null,
            "description": "HTTPS to VPC Endpoints for SSM",
            "from_port": 443,
            "id": "sgrule-3467572226",
            "ipv6_cidr_blocks": null,
            "prefix_list_ids": null,
            "protocol": "tcp",
            "security_group_id": "sg-0e73f2fb21184c7e7",
            "security_group_rule_id": "sgr-07091e5ccb3d40e34",
            "self": false,
            "source_security_group_id": "sg-0bbe241ec44e4f249",
            "timeouts": null,
            "to_port": 443,
            "type": "egress"
          },
          "sensitive_attributes": [],
          "private": "eyJlMmJmYjczMC1lY2FhLTExZTYtOGY4OC0zNDM2M2JjN2M0YzAiOnsiY3JlYXRlIjozMDAwMDAwMDAwMDB9LCJzY2hlbWFfdmVyc2lvbiI6IjIifQ==",
          "dependencies": [
            "aws_security_group.bastion",
            "aws_security_group.vpc_endpoints",
            "data.aws_security_group.rds",
            "data.aws_vpc.main"
          ]
        }
      ]
    },
    {
      "mode": "managed",
      "type": "aws_security_group_rule",
      "name": "rds_from_bastion",
      "provider": "provider[\"registry.terraform.io/hashicorp/aws\"]",
      "instances": [
        {
          "schema_version": 2,
          "attributes": {
            "cidr_blocks": null,
            "description": "PostgreSQL from bastion",
            "from_port": 5432,
            "id": "sgrule-1602083888",
            "ipv6_cidr_blocks": null,
            "prefix_list_ids": null,
            "protocol": "tcp",
            "security_group_id": "sg-0c2b94f40cedb4d61",
            "security_group_rule_id": "sgr-08d9235722efcd83c",
            "self": false,
            "source_security_group_id": "sg-0e73f2fb21184c7e7",
            "timeouts": null,
            "to_port": 5432,
            "type": "ingress"
          },
          "sensitive_attributes": [],
          "private": "eyJlMmJmYjczMC1lY2FhLTExZTYtOGY4OC0zNDM2M2JjN2M0YzAiOnsiY3JlYXRlIjozMDAwMDAwMDAwMDB9LCJzY2hlbWFfdmVyc2lvbiI6IjIifQ==",
          "dependencies": [
            "aws_security_group.bastion",
            "data.aws_security_group.rds",
            "data.aws_vpc.main"
          ]
        }
      ]
    },
    {
      "mode": "managed",
      "type": "aws_security_group_rule",
      "name": "vpc_endpoints_from_bastion",
      "provider": "provider[\"registry.terraform.io/hashicorp/aws\"]",
      "instances": [
        {
          "schema_version": 2,
          "attributes": {
            "cidr_blocks": null,
            "description": "HTTPS from bastion for SSM communication",
            "from_port": 443,
            "id": "sgrule-1959982658",
            "ipv6_cidr_blocks": null,
            "prefix_list_ids": null,
            "protocol": "tcp",
            "security_group_id": "sg-0bbe241ec44e4f249",
            "security_group_rule_id": "sgr-0df9da8bacd3050b0",
            "self": false,
            "source_security_group_id": "sg-0e73f2fb21184c7e7",
            "timeouts": null,
            "to_port": 443,
            "type": "ingress"
          },
          "sensitive_attributes": [],
          "private": "eyJlMmJmYjczMC1lY2FhLTExZTYtOGY4OC0zNDM2M2JjN2M0YzAiOnsiY3JlYXRlIjozMDAwMDAwMDAwMDB9LCJzY2hlbWFfdmVyc2lvbiI6IjIifQ==",
          "dependencies": [
            "aws_security_group.bastion",
            "aws_security_group.vpc_endpoints",
            "data.aws_security_group.rds",
            "data.aws_vpc.main"
          ]
        }
      ]
    },
    {
      "mode": "managed",
      "type": "aws_vpc_endpoint",
      "name": "ec2messages",
      "provider": "provider[\"registry.terraform.io/hashicorp/aws\"]",
      "instances": [
        {
          "schema_version": 0,
          "attributes": {
            "arn": "arn:aws:ec2:us-east-1:506675684508:vpc-endpoint/vpce-05155bb2b4e9d4642",
            "auto_accept": null,
            "cidr_blocks": [],
            "dns_entry": [
              {
                "dns_name": "vpce-05155bb2b4e9d4642-uzgk4cy6.ec2messages.us-east-1.vpce.amazonaws.com",
                "hosted_zone_id": "Z7HUB22UULQXV"
              },
              {
                "dns_name": "vpce-05155bb2b4e9d4642-uzgk4cy6-us-east-1b.ec2messages.us-east-1.vpce.amazonaws.com",
                "hosted_zone_id": "Z7HUB22UULQXV"
              },
              {
                "dns_name": "ec2messages.us-east-1.amazonaws.com",
                "hosted_zone_id": "Z104235831S8VSX4RW3KW"
              }
            ],
            "dns_options": [
              {
                "dns_record_ip_type": "ipv4",
                "private_dns_only_for_inbound_resolver_endpoint": false
              }
            ],
            "id": "vpce-05155bb2b4e9d4642",
            "ip_address_type": "ipv4",
            "network_interface_ids": [
              "eni-0ce4cbf460121c3a7"
            ],
            "owner_id": "506675684508",
            "policy": "{\"Statement\":[{\"Action\":\"*\",\"Effect\":\"Allow\",\"Principal\":\"*\",\"Resource\":\"*\"}]}",
            "prefix_list_id": null,
            "private_dns_enabled": true,
            "requester_managed": false,
            "resource_configuration_arn": "",
            "route_table_ids": [],
            "security_group_ids": [
              "sg-0bbe241ec44e4f249"
            ],
            "service_name": "com.amazonaws.us-east-1.ec2messages",
            "service_network_arn": "",
            "service_region": "us-east-1",
            "state": "available",
            "subnet_configuration": [
              {
                "ipv4": "10.0.12.154",
                "ipv6": "",
                "subnet_id": "subnet-0929ee7b91593a2ea"
              }
            ],
            "subnet_ids": [
              "subnet-0929ee7b91593a2ea"
            ],
            "tags": {
              "Name": "tyriantrade-ec2messages-endpoint"
            },
            "tags_all": {
              "Name": "tyriantrade-ec2messages-endpoint"
            },
            "timeouts": null,
            "vpc_endpoint_type": "Interface",
            "vpc_id": "vpc-00ce71b940a79b54a"
          },
          "sensitive_attributes": [],
          "private": "eyJlMmJmYjczMC1lY2FhLTExZTYtOGY4OC0zNDM2M2JjN2M0YzAiOnsiY3JlYXRlIjo2MDAwMDAwMDAwMDAsImRlbGV0ZSI6NjAwMDAwMDAwMDAwLCJ1cGRhdGUiOjYwMDAwMDAwMDAwMH19",
          "dependencies": [
            "aws_security_group.vpc_endpoints",
            "data.aws_subnet.private",
            "data.aws_vpc.main"
          ]
        }
      ]
    },
    {
      "mode": "managed",
      "type": "aws_vpc_endpoint",
      "name": "ssm",
      "provider": "provider[\"registry.terraform.io/hashicorp/aws\"]",
      "instances": [
        {
          "schema_version": 0,
          "attributes": {
            "arn": "arn:aws:ec2:us-east-1:506675684508:vpc-endpoint/vpce-01e983020f6de1943",
            "auto_accept": null,
            "cidr_blocks": [],
            "dns_entry": [
              {
                "dns_name": "vpce-01e983020f6de1943-qlqvaaph.ssm.us-east-1.vpce.amazonaws.com",
                "hosted_zone_id": "Z7HUB22UULQXV"
              },
              {
                "dns_name": "vpce-01e983020f6de1943-qlqvaaph-us-east-1b.ssm.us-east-1.vpce.amazonaws.com",
                "hosted_zone_id": "Z7HUB22UULQXV"
              },
              {
                "dns_name": "ssm.us-east-1.amazonaws.com",
                "hosted_zone_id": "Z0304272BJ9X7XOUVWV"
              },
              {
                "dns_name": "ssm.us-east-1.api.aws",
                "hosted_zone_id": "Z01731862GBY52CV3AGZD"
              }
            ],
            "dns_options": [
              {
                "dns_record_ip_type": "ipv4",
                "private_dns_only_for_inbound_resolver_endpoint": false
              }
            ],
            "id": "vpce-01e983020f6de1943",
            "ip_address_type": "ipv4",
            "network_interface_ids": [
              "eni-02194ab7d793565bc"
            ],
            "owner_id": "506675684508",
            "policy": "{\"Statement\":[{\"Action\":\"*\",\"Effect\":\"Allow\",\"Principal\":\"*\",\"Resource\":\"*\"}]}",
            "prefix_list_id": null,
            "private_dns_enabled": true,
            "requester_managed": false,
            "resource_configuration_arn": "",
            "route_table_ids": [],
            "security_group_ids": [
              "sg-0bbe241ec44e4f249"
            ],
            "service_name": "com.amazonaws.us-east-1.ssm",
            "service_network_arn": "",
            "service_region": "us-east-1",
            "state": "available",
            "subnet_configuration": [
              {
                "ipv4": "10.0.12.109",
                "ipv6": "",
                "subnet_id": "subnet-0929ee7b91593a2ea"
              }
            ],
            "subnet_ids": [
              "subnet-0929ee7b91593a2ea"
            ],
            "tags": {
              "Name": "tyriantrade-ssm-endpoint"
            },
            "tags_all": {
              "Name": "tyriantrade-ssm-endpoint"
            },
            "timeouts": null,
            "vpc_endpoint_type": "Interface",
            "vpc_id": "vpc-00ce71b940a79b54a"
          },
          "sensitive_attributes": [],
          "private": "eyJlMmJmYjczMC1lY2FhLTExZTYtOGY4OC0zNDM2M2JjN2M0YzAiOnsiY3JlYXRlIjo2MDAwMDAwMDAwMDAsImRlbGV0ZSI6NjAwMDAwMDAwMDAwLCJ1cGRhdGUiOjYwMDAwMDAwMDAwMH19",
          "dependencies": [
            "aws_security_group.vpc_endpoints",
            "data.aws_subnet.private",
            "data.aws_vpc.main"
          ]
        }
      ]
    },
    {
      "mode": "managed",
      "type": "aws_vpc_endpoint",
      "name": "ssmmessages",
      "provider": "provider[\"registry.terraform.io/hashicorp/aws\"]",
      "instances": [
        {
          "schema_version": 0,
          "attributes": {
            "arn": "arn:aws:ec2:us-east-1:506675684508:vpc-endpoint/vpce-017866714f5e33794",
            "auto_accept": null,
            "cidr_blocks": [],
            "dns_entry": [
              {
                "dns_name": "vpce-017866714f5e33794-7i4si77v.ssmmessages.us-east-1.vpce.amazonaws.com",
                "hosted_zone_id": "Z7HUB22UULQXV"
              },
              {
                "dns_name": "vpce-017866714f5e33794-7i4si77v-us-east-1b.ssmmessages.us-east-1.vpce.amazonaws.com",
                "hosted_zone_id": "Z7HUB22UULQXV"
              },
              {
                "dns_name": "ssmmessages.us-east-1.amazonaws.com",
                "hosted_zone_id": "Z10430633K445LB8PIM23"
              },
              {
                "dns_name": "ssmmessages.us-east-1.api.aws",
                "hosted_zone_id": "Z0304494ZRPARNZA7H9J"
              }
            ],
            "dns_options": [
              {
                "dns_record_ip_type": "ipv4",
                "private_dns_only_for_inbound_resolver_endpoint": false
              }
            ],
            "id": "vpce-017866714f5e33794",
            "ip_address_type": "ipv4",
            "network_interface_ids": [
              "eni-0d21645510e0ca023"
            ],
            "owner_id": "506675684508",
            "policy": "{\"Statement\":[{\"Action\":\"*\",\"Effect\":\"Allow\",\"Principal\":\"*\",\"Resource\":\"*\"}]}",
            "prefix_list_id": null,
            "private_dns_enabled": true,
            "requester_managed": false,
            "resource_configuration_arn": "",
            "route_table_ids": [],
            "security_group_ids": [
              "sg-0bbe241ec44e4f249"
            ],
            "service_name": "com.amazonaws.us-east-1.ssmmessages",
            "service_network_arn": "",
            "service_region": "us-east-1",
            "state": "available",
            "subnet_configuration": [
              {
                "ipv4": "10.0.12.173",
                "ipv6": "",
                "subnet_id": "subnet-0929ee7b91593a2ea"
              }
            ],
            "subnet_ids": [
              "subnet-0929ee7b91593a2ea"
            ],
            "tags": {
              "Name": "tyriantrade-ssmmessages-endpoint"
            },
            "tags_all": {
              "Name": "tyriantrade-ssmmessages-endpoint"
            },
            "timeouts": null,
            "vpc_endpoint_type": "Interface",
            "vpc_id": "vpc-00ce71b940a79b54a"
          },
          "sensitive_attributes": [],
          "private": "eyJlMmJmYjczMC1lY2FhLTExZTYtOGY4OC0zNDM2M2JjN2M0YzAiOnsiY3JlYXRlIjo2MDAwMDAwMDAwMDAsImRlbGV0ZSI6NjAwMDAwMDAwMDAwLCJ1cGRhdGUiOjYwMDAwMDAwMDAwMH19",
          "dependencies": [
            "aws_security_group.vpc_endpoints",
            "data.aws_subnet.private",
            "data.aws_vpc.main"
          ]
        }
      ]
    }
  ],
  "check_results": null
}
